
Microsoft Visual Studio Solution File, Format Version 12.00
# Visual Studio Version 16
VisualStudioVersion = 16.0.29123.88
MinimumVisualStudioVersion = 10.0.40219.1
Project("{F184B08F-C81C-45F6-A57F-5ABD9991F28F}") = "EjemploPlantillas2", "EjemploPlantillas2\EjemploPlantillas2.vbproj", "{02657611-DDF8-49BA-AF7C-18BD64D4D9A1}"
EndProject
Global
	GlobalSection(SolutionConfigurationPlatforms) = preSolution
		Debug|Any CPU = Debug|Any CPU
		Release|Any CPU = Release|Any CPU
	EndGlobalSection
	GlobalSection(ProjectConfigurationPlatforms) = postSolution
		{02657611-DDF8-49BA-AF7C-18BD64D4D9A1}.Debug|Any CPU.ActiveCfg = Debug|Any CPU
		{02657611-DDF8-49BA-AF7C-18BD64D4D9A1}.Debug|Any CPU.Build.0 = Debug|Any CPU
		{02657611-DDF8-49BA-AF7C-18BD64D4D9A1}.Release|Any CPU.ActiveCfg = Release|Any CPU
		{02657611-DDF8-49BA-AF7C-18BD64D4D9A1}.Release|Any CPU.Build.0 = Release|Any CPU
	EndGlobalSection
	GlobalSection(SolutionProperties) = preSolution
		HideSolutionNode = FALSE
	EndGlobalSection
	GlobalSection(ExtensibilityGlobals) = postSolution
		SolutionGuid = {D588DD82-26A5-412C-94D6-C809710A6257}
	EndGlobalSection
EndGlobal
